
Microsoft Visual Studio Solution File, Format Version 12.00
# Visual Studio Version 17
VisualStudioVersion = 17.5.33627.172
MinimumVisualStudioVersion = 10.0.40219.1
Project("{2150E333-8FDC-42A3-9474-1A3956D46DE8}") = "src", "src", "{E3B40894-00E0-4DB8-9CFD-DE77A50B261D}"
EndProject
Project("{2150E333-8FDC-42A3-9474-1A3956D46DE8}") = "core", "core", "{8752A448-C2A4-4C32-AF18-D36141C0F5DA}"
EndProject
Project("{2150E333-8FDC-42A3-9474-1A3956D46DE8}") = "infras", "infras", "{FC2092CC-AD7E-404E-816F-2A68C3428F50}"
EndProject
Project("{2150E333-8FDC-42A3-9474-1A3956D46DE8}") = "pre", "pre", "{ADB14670-997E-493F-B9F6-F7CC03289771}"
EndProject
Project("{2150E333-8FDC-42A3-9474-1A3956D46DE8}") = "shared", "shared", "{073F7CCF-378B-487C-9C57-9CF286215CF4}"
EndProject
Project("{9A19103F-16F7-4668-BE54-9A1E7A4F7556}") = "Payment.Domain", "src\core\Payment.Domain\Payment.Domain.csproj", "{DFBDEB6E-1AA2-4242-9A33-08ABCDEFFD2A}"
EndProject
Project("{9A19103F-16F7-4668-BE54-9A1E7A4F7556}") = "Payment.Persistence", "src\infras\Payment.Persistence\Payment.Persistence.csproj", "{0A4F4188-EB73-47CE-8574-A4494F3E3DE5}"
EndProject
Project("{9A19103F-16F7-4668-BE54-9A1E7A4F7556}") = "Payment.API", "src\pre\Payment.API\Payment.API.csproj", "{BB8FC1D0-713A-4217-BA3C-971F890A9C3D}"
EndProject
Project("{9A19103F-16F7-4668-BE54-9A1E7A4F7556}") = "Payment.Ultils", "src\shared\Payment.Ultils\Payment.Ultils.csproj", "{EC96CD6E-DEA9-4F44-9E6C-D049D927A2FC}"
EndProject
Project("{9A19103F-16F7-4668-BE54-9A1E7A4F7556}") = "Payment.Application", "src\core\Payment.Application\Payment.Application.csproj", "{86AE9E9F-1D47-4137-888E-8BBCE8A712D0}"
EndProject
Project("{FAE04EC0-301F-11D3-BF4B-00C04F79EFBC}") = "Payment.Services", "src\infras\Payment.Services\Payment.Services.csproj", "{2CCECBAA-3305-48EC-967E-D28A70B323C0}"
EndProject
Global
	GlobalSection(SolutionConfigurationPlatforms) = preSolution
		Debug|Any CPU = Debug|Any CPU
		Release|Any CPU = Release|Any CPU
	EndGlobalSection
	GlobalSection(ProjectConfigurationPlatforms) = postSolution
		{DFBDEB6E-1AA2-4242-9A33-08ABCDEFFD2A}.Debug|Any CPU.ActiveCfg = Debug|Any CPU
		{DFBDEB6E-1AA2-4242-9A33-08ABCDEFFD2A}.Debug|Any CPU.Build.0 = Debug|Any CPU
		{DFBDEB6E-1AA2-4242-9A33-08ABCDEFFD2A}.Release|Any CPU.ActiveCfg = Release|Any CPU
		{DFBDEB6E-1AA2-4242-9A33-08ABCDEFFD2A}.Release|Any CPU.Build.0 = Release|Any CPU
		{0A4F4188-EB73-47CE-8574-A4494F3E3DE5}.Debug|Any CPU.ActiveCfg = Debug|Any CPU
		{0A4F4188-EB73-47CE-8574-A4494F3E3DE5}.Debug|Any CPU.Build.0 = Debug|Any CPU
		{0A4F4188-EB73-47CE-8574-A4494F3E3DE5}.Release|Any CPU.ActiveCfg = Release|Any CPU
		{0A4F4188-EB73-47CE-8574-A4494F3E3DE5}.Release|Any CPU.Build.0 = Release|Any CPU
		{BB8FC1D0-713A-4217-BA3C-971F890A9C3D}.Debug|Any CPU.ActiveCfg = Debug|Any CPU
		{BB8FC1D0-713A-4217-BA3C-971F890A9C3D}.Debug|Any CPU.Build.0 = Debug|Any CPU
		{BB8FC1D0-713A-4217-BA3C-971F890A9C3D}.Release|Any CPU.ActiveCfg = Release|Any CPU
		{BB8FC1D0-713A-4217-BA3C-971F890A9C3D}.Release|Any CPU.Build.0 = Release|Any CPU
		{EC96CD6E-DEA9-4F44-9E6C-D049D927A2FC}.Debug|Any CPU.ActiveCfg = Debug|Any CPU
		{EC96CD6E-DEA9-4F44-9E6C-D049D927A2FC}.Debug|Any CPU.Build.0 = Debug|Any CPU
		{EC96CD6E-DEA9-4F44-9E6C-D049D927A2FC}.Release|Any CPU.ActiveCfg = Release|Any CPU
		{EC96CD6E-DEA9-4F44-9E6C-D049D927A2FC}.Release|Any CPU.Build.0 = Release|Any CPU
		{86AE9E9F-1D47-4137-888E-8BBCE8A712D0}.Debug|Any CPU.ActiveCfg = Debug|Any CPU
		{86AE9E9F-1D47-4137-888E-8BBCE8A712D0}.Debug|Any CPU.Build.0 = Debug|Any CPU
		{86AE9E9F-1D47-4137-888E-8BBCE8A712D0}.Release|Any CPU.ActiveCfg = Release|Any CPU
		{86AE9E9F-1D47-4137-888E-8BBCE8A712D0}.Release|Any CPU.Build.0 = Release|Any CPU
		{2CCECBAA-3305-48EC-967E-D28A70B323C0}.Debug|Any CPU.ActiveCfg = Debug|Any CPU
		{2CCECBAA-3305-48EC-967E-D28A70B323C0}.Debug|Any CPU.Build.0 = Debug|Any CPU
		{2CCECBAA-3305-48EC-967E-D28A70B323C0}.Release|Any CPU.ActiveCfg = Release|Any CPU
		{2CCECBAA-3305-48EC-967E-D28A70B323C0}.Release|Any CPU.Build.0 = Release|Any CPU
	EndGlobalSection
	GlobalSection(SolutionProperties) = preSolution
		HideSolutionNode = FALSE
	EndGlobalSection
	GlobalSection(NestedProjects) = preSolution
		{8752A448-C2A4-4C32-AF18-D36141C0F5DA} = {E3B40894-00E0-4DB8-9CFD-DE77A50B261D}
		{FC2092CC-AD7E-404E-816F-2A68C3428F50} = {E3B40894-00E0-4DB8-9CFD-DE77A50B261D}
		{ADB14670-997E-493F-B9F6-F7CC03289771} = {E3B40894-00E0-4DB8-9CFD-DE77A50B261D}
		{073F7CCF-378B-487C-9C57-9CF286215CF4} = {E3B40894-00E0-4DB8-9CFD-DE77A50B261D}
		{DFBDEB6E-1AA2-4242-9A33-08ABCDEFFD2A} = {8752A448-C2A4-4C32-AF18-D36141C0F5DA}
		{0A4F4188-EB73-47CE-8574-A4494F3E3DE5} = {FC2092CC-AD7E-404E-816F-2A68C3428F50}
		{BB8FC1D0-713A-4217-BA3C-971F890A9C3D} = {ADB14670-997E-493F-B9F6-F7CC03289771}
		{EC96CD6E-DEA9-4F44-9E6C-D049D927A2FC} = {073F7CCF-378B-487C-9C57-9CF286215CF4}
		{86AE9E9F-1D47-4137-888E-8BBCE8A712D0} = {8752A448-C2A4-4C32-AF18-D36141C0F5DA}
		{2CCECBAA-3305-48EC-967E-D28A70B323C0} = {FC2092CC-AD7E-404E-816F-2A68C3428F50}
	EndGlobalSection
	GlobalSection(ExtensibilityGlobals) = postSolution
		SolutionGuid = {B0ED1E2A-F394-480E-887C-98B1554E7FBD}
	EndGlobalSection
EndGlobal
